
Microsoft Visual Studio Solution File, Format Version 12.00
# Visual Studio Version 16
VisualStudioVersion = 16.0.32413.511
MinimumVisualStudioVersion = 10.0.40219.1
Project("{FAE04EC0-301F-11D3-BF4B-00C04F79EFBC}") = "Veri_tabanı_proje", "Veri_tabanı_proje\Veri_tabanı_proje.csproj", "{F908D30B-E9ED-4179-AA19-8ED6945F1B84}"
EndProject
Global
	GlobalSection(SolutionConfigurationPlatforms) = preSolution
		Debug|Any CPU = Debug|Any CPU
		Release|Any CPU = Release|Any CPU
	EndGlobalSection
	GlobalSection(ProjectConfigurationPlatforms) = postSolution
		{F908D30B-E9ED-4179-AA19-8ED6945F1B84}.Debug|Any CPU.ActiveCfg = Debug|Any CPU
		{F908D30B-E9ED-4179-AA19-8ED6945F1B84}.Debug|Any CPU.Build.0 = Debug|Any CPU
		{F908D30B-E9ED-4179-AA19-8ED6945F1B84}.Release|Any CPU.ActiveCfg = Release|Any CPU
		{F908D30B-E9ED-4179-AA19-8ED6945F1B84}.Release|Any CPU.Build.0 = Release|Any CPU
	EndGlobalSection
	GlobalSection(SolutionProperties) = preSolution
		HideSolutionNode = FALSE
	EndGlobalSection
	GlobalSection(ExtensibilityGlobals) = postSolution
		SolutionGuid = {0F009F5F-E3F5-4DE0-A895-29D0666DC065}
	EndGlobalSection
EndGlobal
